
Microsoft Visual Studio Solution File, Format Version 12.00
# Visual Studio Version 17
VisualStudioVersion = 17.0.31903.59
MinimumVisualStudioVersion = 10.0.40219.1
Project("{2150E333-8FDC-42A3-9474-1A3956D46DE8}") = "src", "src", "{827E0CD3-B72D-47B6-A68D-7590B98EB39B}"
EndProject
Project("{FAE04EC0-301F-11D3-BF4B-00C04F79EFBC}") = "StockDecision.Api", "src\StockDecision.Api\StockDecision.Api.csproj", "{771F7CFC-AC37-4DBC-AFCB-DA6F51FA22F4}"
EndProject
Project("{FAE04EC0-301F-11D3-BF4B-00C04F79EFBC}") = "StockDecision.Domain", "src\StockDecision.Domain\StockDecision.Domain.csproj", "{209168A3-A03B-462E-A468-8286A64775C2}"
EndProject
Project("{FAE04EC0-301F-11D3-BF4B-00C04F79EFBC}") = "StockDecision.Infrastructure", "src\StockDecision.Infrastructure\StockDecision.Infrastructure.csproj", "{424C1851-52E8-4BBF-9464-5F0BEAD726EE}"
EndProject
Project("{FAE04EC0-301F-11D3-BF4B-00C04F79EFBC}") = "StockDecision.Worker", "src\StockDecision.Worker\StockDecision.Worker.csproj", "{C6102A4E-9082-4D3A-A0DB-349CCDF167C9}"
EndProject
Project("{2150E333-8FDC-42A3-9474-1A3956D46DE8}") = "tests", "tests", "{0AB3BF05-4346-4AA6-1389-037BE0695223}"
EndProject
Project("{FAE04EC0-301F-11D3-BF4B-00C04F79EFBC}") = "StockDecision.Domain.Tests", "tests\StockDecision.Domain.Tests\StockDecision.Domain.Tests.csproj", "{16603D04-E72B-4591-BCC7-64ED75A5EDAB}"
EndProject
Project("{FAE04EC0-301F-11D3-BF4B-00C04F79EFBC}") = "StockDecision.Api.Tests", "tests\StockDecision.Api.Tests\StockDecision.Api.Tests.csproj", "{CEDFF263-5DED-440F-8BE0-02299242D4D4}"
EndProject
Project("{FAE04EC0-301F-11D3-BF4B-00C04F79EFBC}") = "StockDecision.Application", "src\StockDecision.Application\StockDecision.Application.csproj", "{360938CD-AC1A-45C2-8C73-955BD70A49AB}"
EndProject
Global
	GlobalSection(SolutionConfigurationPlatforms) = preSolution
		Debug|Any CPU = Debug|Any CPU
		Debug|x64 = Debug|x64
		Debug|x86 = Debug|x86
		Release|Any CPU = Release|Any CPU
		Release|x64 = Release|x64
		Release|x86 = Release|x86
	EndGlobalSection
	GlobalSection(ProjectConfigurationPlatforms) = postSolution
		{771F7CFC-AC37-4DBC-AFCB-DA6F51FA22F4}.Debug|Any CPU.ActiveCfg = Debug|Any CPU
		{771F7CFC-AC37-4DBC-AFCB-DA6F51FA22F4}.Debug|Any CPU.Build.0 = Debug|Any CPU
		{771F7CFC-AC37-4DBC-AFCB-DA6F51FA22F4}.Debug|x64.ActiveCfg = Debug|Any CPU
		{771F7CFC-AC37-4DBC-AFCB-DA6F51FA22F4}.Debug|x64.Build.0 = Debug|Any CPU
		{771F7CFC-AC37-4DBC-AFCB-DA6F51FA22F4}.Debug|x86.ActiveCfg = Debug|Any CPU
		{771F7CFC-AC37-4DBC-AFCB-DA6F51FA22F4}.Debug|x86.Build.0 = Debug|Any CPU
		{771F7CFC-AC37-4DBC-AFCB-DA6F51FA22F4}.Release|Any CPU.ActiveCfg = Release|Any CPU
		{771F7CFC-AC37-4DBC-AFCB-DA6F51FA22F4}.Release|Any CPU.Build.0 = Release|Any CPU
		{771F7CFC-AC37-4DBC-AFCB-DA6F51FA22F4}.Release|x64.ActiveCfg = Release|Any CPU
		{771F7CFC-AC37-4DBC-AFCB-DA6F51FA22F4}.Release|x64.Build.0 = Release|Any CPU
		{771F7CFC-AC37-4DBC-AFCB-DA6F51FA22F4}.Release|x86.ActiveCfg = Release|Any CPU
		{771F7CFC-AC37-4DBC-AFCB-DA6F51FA22F4}.Release|x86.Build.0 = Release|Any CPU
		{209168A3-A03B-462E-A468-8286A64775C2}.Debug|Any CPU.ActiveCfg = Debug|Any CPU
		{209168A3-A03B-462E-A468-8286A64775C2}.Debug|Any CPU.Build.0 = Debug|Any CPU
		{209168A3-A03B-462E-A468-8286A64775C2}.Debug|x64.ActiveCfg = Debug|Any CPU
		{209168A3-A03B-462E-A468-8286A64775C2}.Debug|x64.Build.0 = Debug|Any CPU
		{209168A3-A03B-462E-A468-8286A64775C2}.Debug|x86.ActiveCfg = Debug|Any CPU
		{209168A3-A03B-462E-A468-8286A64775C2}.Debug|x86.Build.0 = Debug|Any CPU
		{209168A3-A03B-462E-A468-8286A64775C2}.Release|Any CPU.ActiveCfg = Release|Any CPU
		{209168A3-A03B-462E-A468-8286A64775C2}.Release|Any CPU.Build.0 = Release|Any CPU
		{209168A3-A03B-462E-A468-8286A64775C2}.Release|x64.ActiveCfg = Release|Any CPU
		{209168A3-A03B-462E-A468-8286A64775C2}.Release|x64.Build.0 = Release|Any CPU
		{209168A3-A03B-462E-A468-8286A64775C2}.Release|x86.ActiveCfg = Release|Any CPU
		{209168A3-A03B-462E-A468-8286A64775C2}.Release|x86.Build.0 = Release|Any CPU
		{424C1851-52E8-4BBF-9464-5F0BEAD726EE}.Debug|Any CPU.ActiveCfg = Debug|Any CPU
		{424C1851-52E8-4BBF-9464-5F0BEAD726EE}.Debug|Any CPU.Build.0 = Debug|Any CPU
		{424C1851-52E8-4BBF-9464-5F0BEAD726EE}.Debug|x64.ActiveCfg = Debug|Any CPU
		{424C1851-52E8-4BBF-9464-5F0BEAD726EE}.Debug|x64.Build.0 = Debug|Any CPU
		{424C1851-52E8-4BBF-9464-5F0BEAD726EE}.Debug|x86.ActiveCfg = Debug|Any CPU
		{424C1851-52E8-4BBF-9464-5F0BEAD726EE}.Debug|x86.Build.0 = Debug|Any CPU
		{424C1851-52E8-4BBF-9464-5F0BEAD726EE}.Release|Any CPU.ActiveCfg = Release|Any CPU
		{424C1851-52E8-4BBF-9464-5F0BEAD726EE}.Release|Any CPU.Build.0 = Release|Any CPU
		{424C1851-52E8-4BBF-9464-5F0BEAD726EE}.Release|x64.ActiveCfg = Release|Any CPU
		{424C1851-52E8-4BBF-9464-5F0BEAD726EE}.Release|x64.Build.0 = Release|Any CPU
		{424C1851-52E8-4BBF-9464-5F0BEAD726EE}.Release|x86.ActiveCfg = Release|Any CPU
		{424C1851-52E8-4BBF-9464-5F0BEAD726EE}.Release|x86.Build.0 = Release|Any CPU
		{C6102A4E-9082-4D3A-A0DB-349CCDF167C9}.Debug|Any CPU.ActiveCfg = Debug|Any CPU
		{C6102A4E-9082-4D3A-A0DB-349CCDF167C9}.Debug|Any CPU.Build.0 = Debug|Any CPU
		{C6102A4E-9082-4D3A-A0DB-349CCDF167C9}.Debug|x64.ActiveCfg = Debug|Any CPU
		{C6102A4E-9082-4D3A-A0DB-349CCDF167C9}.Debug|x64.Build.0 = Debug|Any CPU
		{C6102A4E-9082-4D3A-A0DB-349CCDF167C9}.Debug|x86.ActiveCfg = Debug|Any CPU
		{C6102A4E-9082-4D3A-A0DB-349CCDF167C9}.Debug|x86.Build.0 = Debug|Any CPU
		{C6102A4E-9082-4D3A-A0DB-349CCDF167C9}.Release|Any CPU.ActiveCfg = Release|Any CPU
		{C6102A4E-9082-4D3A-A0DB-349CCDF167C9}.Release|Any CPU.Build.0 = Release|Any CPU
		{C6102A4E-9082-4D3A-A0DB-349CCDF167C9}.Release|x64.ActiveCfg = Release|Any CPU
		{C6102A4E-9082-4D3A-A0DB-349CCDF167C9}.Release|x64.Build.0 = Release|Any CPU
		{C6102A4E-9082-4D3A-A0DB-349CCDF167C9}.Release|x86.ActiveCfg = Release|Any CPU
		{C6102A4E-9082-4D3A-A0DB-349CCDF167C9}.Release|x86.Build.0 = Release|Any CPU
		{16603D04-E72B-4591-BCC7-64ED75A5EDAB}.Debug|Any CPU.ActiveCfg = Debug|Any CPU
		{16603D04-E72B-4591-BCC7-64ED75A5EDAB}.Debug|Any CPU.Build.0 = Debug|Any CPU
		{16603D04-E72B-4591-BCC7-64ED75A5EDAB}.Debug|x64.ActiveCfg = Debug|Any CPU
		{16603D04-E72B-4591-BCC7-64ED75A5EDAB}.Debug|x64.Build.0 = Debug|Any CPU
		{16603D04-E72B-4591-BCC7-64ED75A5EDAB}.Debug|x86.ActiveCfg = Debug|Any CPU
		{16603D04-E72B-4591-BCC7-64ED75A5EDAB}.Debug|x86.Build.0 = Debug|Any CPU
		{16603D04-E72B-4591-BCC7-64ED75A5EDAB}.Release|Any CPU.ActiveCfg = Release|Any CPU
		{16603D04-E72B-4591-BCC7-64ED75A5EDAB}.Release|Any CPU.Build.0 = Release|Any CPU
		{16603D04-E72B-4591-BCC7-64ED75A5EDAB}.Release|x64.ActiveCfg = Release|Any CPU
		{16603D04-E72B-4591-BCC7-64ED75A5EDAB}.Release|x64.Build.0 = Release|Any CPU
		{16603D04-E72B-4591-BCC7-64ED75A5EDAB}.Release|x86.ActiveCfg = Release|Any CPU
		{16603D04-E72B-4591-BCC7-64ED75A5EDAB}.Release|x86.Build.0 = Release|Any CPU
		{CEDFF263-5DED-440F-8BE0-02299242D4D4}.Debug|Any CPU.ActiveCfg = Debug|Any CPU
		{CEDFF263-5DED-440F-8BE0-02299242D4D4}.Debug|Any CPU.Build.0 = Debug|Any CPU
		{CEDFF263-5DED-440F-8BE0-02299242D4D4}.Debug|x64.ActiveCfg = Debug|Any CPU
		{CEDFF263-5DED-440F-8BE0-02299242D4D4}.Debug|x64.Build.0 = Debug|Any CPU
		{CEDFF263-5DED-440F-8BE0-02299242D4D4}.Debug|x86.ActiveCfg = Debug|Any CPU
		{CEDFF263-5DED-440F-8BE0-02299242D4D4}.Debug|x86.Build.0 = Debug|Any CPU
		{CEDFF263-5DED-440F-8BE0-02299242D4D4}.Release|Any CPU.ActiveCfg = Release|Any CPU
		{CEDFF263-5DED-440F-8BE0-02299242D4D4}.Release|Any CPU.Build.0 = Release|Any CPU
		{CEDFF263-5DED-440F-8BE0-02299242D4D4}.Release|x64.ActiveCfg = Release|Any CPU
		{CEDFF263-5DED-440F-8BE0-02299242D4D4}.Release|x64.Build.0 = Release|Any CPU
		{CEDFF263-5DED-440F-8BE0-02299242D4D4}.Release|x86.ActiveCfg = Release|Any CPU
		{CEDFF263-5DED-440F-8BE0-02299242D4D4}.Release|x86.Build.0 = Release|Any CPU
		{360938CD-AC1A-45C2-8C73-955BD70A49AB}.Debug|Any CPU.ActiveCfg = Debug|Any CPU
		{360938CD-AC1A-45C2-8C73-955BD70A49AB}.Debug|Any CPU.Build.0 = Debug|Any CPU
		{360938CD-AC1A-45C2-8C73-955BD70A49AB}.Debug|x64.ActiveCfg = Debug|Any CPU
		{360938CD-AC1A-45C2-8C73-955BD70A49AB}.Debug|x64.Build.0 = Debug|Any CPU
		{360938CD-AC1A-45C2-8C73-955BD70A49AB}.Debug|x86.ActiveCfg = Debug|Any CPU
		{360938CD-AC1A-45C2-8C73-955BD70A49AB}.Debug|x86.Build.0 = Debug|Any CPU
		{360938CD-AC1A-45C2-8C73-955BD70A49AB}.Release|Any CPU.ActiveCfg = Release|Any CPU
		{360938CD-AC1A-45C2-8C73-955BD70A49AB}.Release|Any CPU.Build.0 = Release|Any CPU
		{360938CD-AC1A-45C2-8C73-955BD70A49AB}.Release|x64.ActiveCfg = Release|Any CPU
		{360938CD-AC1A-45C2-8C73-955BD70A49AB}.Release|x64.Build.0 = Release|Any CPU
		{360938CD-AC1A-45C2-8C73-955BD70A49AB}.Release|x86.ActiveCfg = Release|Any CPU
		{360938CD-AC1A-45C2-8C73-955BD70A49AB}.Release|x86.Build.0 = Release|Any CPU
	EndGlobalSection
	GlobalSection(SolutionProperties) = preSolution
		HideSolutionNode = FALSE
	EndGlobalSection
	GlobalSection(NestedProjects) = preSolution
		{771F7CFC-AC37-4DBC-AFCB-DA6F51FA22F4} = {827E0CD3-B72D-47B6-A68D-7590B98EB39B}
		{209168A3-A03B-462E-A468-8286A64775C2} = {827E0CD3-B72D-47B6-A68D-7590B98EB39B}
		{424C1851-52E8-4BBF-9464-5F0BEAD726EE} = {827E0CD3-B72D-47B6-A68D-7590B98EB39B}
		{C6102A4E-9082-4D3A-A0DB-349CCDF167C9} = {827E0CD3-B72D-47B6-A68D-7590B98EB39B}
		{16603D04-E72B-4591-BCC7-64ED75A5EDAB} = {0AB3BF05-4346-4AA6-1389-037BE0695223}
		{CEDFF263-5DED-440F-8BE0-02299242D4D4} = {0AB3BF05-4346-4AA6-1389-037BE0695223}
		{360938CD-AC1A-45C2-8C73-955BD70A49AB} = {827E0CD3-B72D-47B6-A68D-7590B98EB39B}
	EndGlobalSection
EndGlobal
